{
  "_comment": "Auto-generiert via scripts/check-token-sync.js --write. Soll-Hashes der Token-Quelle (apps/web/src/styles/tokens/) + gespiegelter Katalog-Kopie (design-system/tokens/). Bei legitimer Token-Aenderung: Kopie nachziehen, dann --write, dann committen.",
  "algo": "sha256",
  "hashes": {
    "apps/web/src/styles/tokens/primitives.css": "ad8d4e70b83e7905fd3c61c3b4172e138f2b7d61a120e4229d51ff441e29b754",
    "apps/web/src/styles/tokens/semantic.css": "598b4f32cdbdc943f5b0b96b0295edd70d7b8f536c2e6cfa03b20cdb072cbb18",
    "apps/web/src/styles/tokens/hero.css": "4fdee4e68714868eac79572389167b8424f4520f415a6bd4f15414652b867346",
    "design-system/tokens/primitives.css": "64acd9ebe8d0bf40ff2a92900fe3e97083f45000f6deb16e12d72d6992d561db",
    "design-system/tokens/semantic.css": "2ba7892a83a0fcc0add7a6e287f213be0b6bf571b886e57d5dd70ecb2789ee37",
    "design-system/tokens/dark.css": "5796da10055333b0dc058c242937a6bfc0bd7680606900ff82549f29147a0ee0"
  }
}
